// !$*UTF8*$!
{
	archiveVersion = 1;
	classes = {
	};
	objectVersion = 52;
	objects = {

/* Begin PBXBuildFile section */
		3ADF0A5626DE389100249E6B /* schema.json in Resources */ = {isa = PBXBuildFile; fileRef = 3ADF0A5526DE389100249E6B /* schema.json */; };
		3ADF0A5F26DE39B800249E6B /* Network.swift in Sources */ = {isa = PBXBuildFile; fileRef = 3ADF0A5E26DE39B800249E6B /* Network.swift */; };
		3ADF0A6926DE414700249E6B /* GetLaunchesPast.graphql in Resources */ = {isa = PBXBuildFile; fileRef = 3ADF0A6826DE414700249E6B /* GetLaunchesPast.graphql */; };
		3ADF0A7D26DE464300249E6B /* Apollo in Frameworks */ = {isa = PBXBuildFile; productRef = 3ADF0A7C26DE464300249E6B /* Apollo */; };
		3ADF0A8526DE469D00249E6B /* API.swift in Sources */ = {isa = PBXBuildFile; fileRef = 3ADF0A8426DE469D00249E6B /* API.swift */; };
		3AE639C126D90A77008E165D /* SpaceXLauncherApp.swift in Sources */ = {isa = PBXBuildFile; fileRef = 3AE639C026D90A77008E165D /* SpaceXLauncherApp.swift */; };
		3AE639C326D90A77008E165D /* ContentView.swift in Sources */ = {isa = PBXBuildFile; fileRef = 3AE639C226D90A77008E165D /* ContentView.swift */; };
		3AE639C526D90A78008E165D /* Assets.xcassets in Resources */ = {isa = PBXBuildFile; fileRef = 3AE639C426D90A78008E165D /* Assets.xcassets */; };
		3AE639C826D90A78008E165D /* Preview Assets.xcassets in Resources */ = {isa = PBXBuildFile; fileRef = 3AE639C726D90A78008E165D /* Preview Assets.xcassets */; };
		3AE639D326D90A78008E165D /* SpaceXLauncherTests.swift in Sources */ = {isa = PBXBuildFile; fileRef = 3AE639D226D90A78008E165D /* SpaceXLauncherTests.swift */; };
		3AE639DE26D90A79008E165D /* SpaceXLauncherUITests.swift in Sources */ = {isa = PBXBuildFile; fileRef = 3AE639DD26D90A79008E165D /* SpaceXLauncherUITests.swift */; };
/* End PBXBuildFile section */

/* Begin PBXContainerItemProxy section */
		3AE639CF26D90A78008E165D /* PBXContainerItemProxy */ = {
			isa = PBXContainerItemProxy;
			containerPortal = 3AE639B526D90A77008E165D /* Project object */;
			proxyType = 1;
			remoteGlobalIDString = 3AE639BC26D90A77008E165D;
			remoteInfo = SpaceXLauncher;
		};
		3AE639DA26D90A79008E165D /* PBXContainerItemProxy */ = {
			isa = PBXContainerItemProxy;
			containerPortal = 3AE639B526D90A77008E165D /* Project object */;
			proxyType = 1;
			remoteGlobalIDString = 3AE639BC26D90A77008E165D;
			remoteInfo = SpaceXLauncher;
		};
/* End PBXContainerItemProxy section */

/* Begin PBXFileReference section */
		3ADF0A5526DE389100249E6B /* schema.json */ = {isa = PBXFileReference; fileEncoding = 4; lastKnownFileType = text.json; path = schema.json; sourceTree = "<group>"; };
		3ADF0A5E26DE39B800249E6B /* Network.swift */ = {isa = PBXFileReference; lastKnownFileType = sourcecode.swift; path = Network.swift; sourceTree = "<group>"; };
		3ADF0A6826DE414700249E6B /* GetLaunchesPast.graphql */ = {isa = PBXFileReference; lastKnownFileType = text; path = GetLaunchesPast.graphql; sourceTree = "<group>"; };
		3ADF0A8426DE469D00249E6B /* API.swift */ = {isa = PBXFileReference; fileEncoding = 4; lastKnownFileType = sourcecode.swift; path = API.swift; sourceTree = "<group>"; };
		3AE639BD26D90A77008E165D /* SpaceXLauncher.app */ = {isa = PBXFileReference; explicitFileType = wrapper.application; includeInIndex = 0; path = SpaceXLauncher.app; sourceTree = BUILT_PRODUCTS_DIR; };
		3AE639C026D90A77008E165D /* SpaceXLauncherApp.swift */ = {isa = PBXFileReference; lastKnownFileType = sourcecode.swift; path = SpaceXLauncherApp.swift; sourceTree = "<group>"; };
		3AE639C226D90A77008E165D /* ContentView.swift */ = {isa = PBXFileReference; lastKnownFileType = sourcecode.swift; path = ContentView.swift; sourceTree = "<group>"; };
		3AE639C426D90A78008E165D /* Assets.xcassets */ = {isa = PBXFileReference; lastKnownFileType = folder.assetcatalog; path = Assets.xcassets; sourceTree = "<group>"; };
		3AE639C726D90A78008E165D /* Preview Assets.xcassets */ = {isa = PBXFileReference; lastKnownFileType = folder.assetcatalog; path = "Preview Assets.xcassets"; sourceTree = "<group>"; };
		3AE639C926D90A78008E165D /* Info.plist */ = {isa = PBXFileReference; lastKnownFileType = text.plist.xml; path = Info.plist; sourceTree = "<group>"; };
		3AE639CE26D90A78008E165D /* SpaceXLauncherTests.xctest */ = {isa = PBXFileReference; explicitFileType = wrapper.cfbundle; includeInIndex = 0; path = SpaceXLauncherTests.xctest; sourceTree = BUILT_PRODUCTS_DIR; };
		3AE639D226D90A78008E165D /* SpaceXLauncherTests.swift */ = {isa = PBXFileReference; lastKnownFileType = sourcecode.swift; path = SpaceXLauncherTests.swift; sourceTree = "<group>"; };
		3AE639D426D90A78008E165D /* Info.plist */ = {isa = PBXFileReference; lastKnownFileType = text.plist.xml; path = Info.plist; sourceTree = "<group>"; };
		3AE639D926D90A79008E165D /* SpaceXLauncherUITests.xctest */ = {isa = PBXFileReference; explicitFileType = wrapper.cfbundle; includeInIndex = 0; path = SpaceXLauncherUITests.xctest; sourceTree = BUILT_PRODUCTS_DIR; };
		3AE639DD26D90A79008E165D /* SpaceXLauncherUITests.swift */ = {isa = PBXFileReference; lastKnownFileType = sourcecode.swift; path = SpaceXLauncherUITests.swift; sourceTree = "<group>"; };
		3AE639DF26D90A79008E165D /* Info.plist */ = {isa = PBXFileReference; lastKnownFileType = text.plist.xml; path = Info.plist; sourceTree = "<group>"; };
/* End PBXFileReference section */

/* Begin PBXFrameworksBuildPhase section */
		3AE639BA26D90A77008E165D /* Frameworks */ = {
			isa = PBXFrameworksBuildPhase;
			buildActionMask = 2147483647;
			files = (
				3ADF0A7D26DE464300249E6B /* Apollo in Frameworks */,
			);
			runOnlyForDeploymentPostprocessing = 0;
		};
		3AE639CB26D90A78008E165D /* Frameworks */ = {
			isa = PBXFrameworksBuildPhase;
			buildActionMask = 2147483647;
			files = (
			);
			runOnlyForDeploymentPostprocessing = 0;
		};
		3AE639D626D90A79008E165D /* Frameworks */ = {
			isa = PBXFrameworksBuildPhase;
			buildActionMask = 2147483647;
			files = (
			);
			runOnlyForDeploymentPostprocessing = 0;
		};
/* End PBXFrameworksBuildPhase section */

/* Begin PBXGroup section */
		3ADF0A5D26DE398900249E6B /* Network */ = {
			isa = PBXGroup;
			children = (
				3ADF0A6726DE40FE00249E6B /* GQLQueries */,
				3ADF0A5E26DE39B800249E6B /* Network.swift */,
			);
			path = Network;
			sourceTree = "<group>";
		};
		3ADF0A6726DE40FE00249E6B /* GQLQueries */ = {
			isa = PBXGroup;
			children = (
				3ADF0A6826DE414700249E6B /* GetLaunchesPast.graphql */,
			);
			path = GQLQueries;
			sourceTree = "<group>";
		};
		3AE639B426D90A77008E165D = {
			isa = PBXGroup;
			children = (
				3AE639BF26D90A77008E165D /* SpaceXLauncher */,
				3AE639D126D90A78008E165D /* SpaceXLauncherTests */,
				3AE639DC26D90A79008E165D /* SpaceXLauncherUITests */,
				3AE639BE26D90A77008E165D /* Products */,
			);
			sourceTree = "<group>";
		};
		3AE639BE26D90A77008E165D /* Products */ = {
			isa = PBXGroup;
			children = (
				3AE639BD26D90A77008E165D /* SpaceXLauncher.app */,
				3AE639CE26D90A78008E165D /* SpaceXLauncherTests.xctest */,
				3AE639D926D90A79008E165D /* SpaceXLauncherUITests.xctest */,
			);
			name = Products;
			sourceTree = "<group>";
		};
		3AE639BF26D90A77008E165D /* SpaceXLauncher */ = {
			isa = PBXGroup;
			children = (
				3ADF0A8426DE469D00249E6B /* API.swift */,
				3AE639C426D90A78008E165D /* Assets.xcassets */,
				3AE639C226D90A77008E165D /* ContentView.swift */,
				3AE639C926D90A78008E165D /* Info.plist */,
				3ADF0A5D26DE398900249E6B /* Network */,
				3AE639C626D90A78008E165D /* Preview Content */,
				3ADF0A5526DE389100249E6B /* schema.json */,
				3AE639C026D90A77008E165D /* SpaceXLauncherApp.swift */,
			);
			path = SpaceXLauncher;
			sourceTree = "<group>";
		};
		3AE639C626D90A78008E165D /* Preview Content */ = {
			isa = PBXGroup;
			children = (
				3AE639C726D90A78008E165D /* Preview Assets.xcassets */,
			);
			path = "Preview Content";
			sourceTree = "<group>";
		};
		3AE639D126D90A78008E165D /* SpaceXLauncherTests */ = {
			isa = PBXGroup;
			children = (
				3AE639D226D90A78008E165D /* SpaceXLauncherTests.swift */,
				3AE639D426D90A78008E165D /* Info.plist */,
			);
			path = SpaceXLauncherTests;
			sourceTree = "<group>";
		};
		3AE639DC26D90A79008E165D /* SpaceXLauncherUITests */ = {
			isa = PBXGroup;
			children = (
				3AE639DD26D90A79008E165D /* SpaceXLauncherUITests.swift */,
				3AE639DF26D90A79008E165D /* Info.plist */,
			);
			path = SpaceXLauncherUITests;
			sourceTree = "<group>";
		};
/* End PBXGroup section */

/* Begin PBXNativeTarget section */
		3AE639BC26D90A77008E165D /* SpaceXLauncher */ = {
			isa = PBXNativeTarget;
			buildConfigurationList = 3AE639E226D90A79008E165D /* Build configuration list for PBXNativeTarget "SpaceXLauncher" */;
			buildPhases = (
				3ADF0A6326DE3FEB00249E6B /* Generate Apollo GraphQL API */,
				3AE639B926D90A77008E165D /* Sources */,
				3AE639BA26D90A77008E165D /* Frameworks */,
				3AE639BB26D90A77008E165D /* Resources */,
			);
			buildRules = (
			);
			dependencies = (
			);
			name = SpaceXLauncher;
			packageProductDependencies = (
				3ADF0A7C26DE464300249E6B /* Apollo */,
			);
			productName = SpaceXLauncher;
			productReference = 3AE639BD26D90A77008E165D /* SpaceXLauncher.app */;
			productType = "com.apple.product-type.application";
		};
		3AE639CD26D90A78008E165D /* SpaceXLauncherTests */ = {
			isa = PBXNativeTarget;
			buildConfigurationList = 3AE639E526D90A79008E165D /* Build configuration list for PBXNativeTarget "SpaceXLauncherTests" */;
			buildPhases = (
				3AE639CA26D90A78008E165D /* Sources */,
				3AE639CB26D90A78008E165D /* Frameworks */,
				3AE639CC26D90A78008E165D /* Resources */,
			);
			buildRules = (
			);
			dependencies = (
				3AE639D026D90A78008E165D /* PBXTargetDependency */,
			);
			name = SpaceXLauncherTests;
			productName = SpaceXLauncherTests;
			productReference = 3AE639CE26D90A78008E165D /* SpaceXLauncherTests.xctest */;
			productType = "com.apple.product-type.bundle.unit-test";
		};
		3AE639D826D90A79008E165D /* SpaceXLauncherUITests */ = {
			isa = PBXNativeTarget;
			buildConfigurationList = 3AE639E826D90A79008E165D /* Build configuration list for PBXNativeTarget "SpaceXLauncherUITests" */;
			buildPhases = (
				3AE639D526D90A79008E165D /* Sources */,
				3AE639D626D90A79008E165D /* Frameworks */,
				3AE639D726D90A79008E165D /* Resources */,
			);
			buildRules = (
			);
			dependencies = (
				3AE639DB26D90A79008E165D /* PBXTargetDependency */,
			);
			name = SpaceXLauncherUITests;
			productName = SpaceXLauncherUITests;
			productReference = 3AE639D926D90A79008E165D /* SpaceXLauncherUITests.xctest */;
			productType = "com.apple.product-type.bundle.ui-testing";
		};
/* End PBXNativeTarget section */

/* Begin PBXProject section */
		3AE639B526D90A77008E165D /* Project object */ = {
			isa = PBXProject;
			attributes = {
				LastSwiftUpdateCheck = 1240;
				LastUpgradeCheck = 1240;
				TargetAttributes = {
					3AE639BC26D90A77008E165D = {
						CreatedOnToolsVersion = 12.4;
					};
					3AE639CD26D90A78008E165D = {
						CreatedOnToolsVersion = 12.4;
						TestTargetID = 3AE639BC26D90A77008E165D;
					};
					3AE639D826D90A79008E165D = {
						CreatedOnToolsVersion = 12.4;
						TestTargetID = 3AE639BC26D90A77008E165D;
					};
				};
			};
			buildConfigurationList = 3AE639B826D90A77008E165D /* Build configuration list for PBXProject "SpaceXLauncher" */;
			compatibilityVersion = "Xcode 9.3";
			developmentRegion = en;
			hasScannedForEncodings = 0;
			knownRegions = (
				en,
				Base,
			);
			mainGroup = 3AE639B426D90A77008E165D;
			packageReferences = (
				3ADF0A7B26DE464300249E6B /* XCRemoteSwiftPackageReference "apollo-ios" */,
			);
			productRefGroup = 3AE639BE26D90A77008E165D /* Products */;
			projectDirPath = "";
			projectRoot = "";
			targets = (
				3AE639BC26D90A77008E165D /* SpaceXLauncher */,
				3AE639CD26D90A78008E165D /* SpaceXLauncherTests */,
				3AE639D826D90A79008E165D /* SpaceXLauncherUITests */,
			);
		};
/* End PBXProject section */

/* Begin PBXResourcesBuildPhase section */
		3AE639BB26D90A77008E165D /* Resources */ = {
			isa = PBXResourcesBuildPhase;
			buildActionMask = 2147483647;
			files = (
				3ADF0A6926DE414700249E6B /* GetLaunchesPast.graphql in Resources */,
				3AE639C826D90A78008E165D /* Preview Assets.xcassets in Resources */,
				3ADF0A5626DE389100249E6B /* schema.json in Resources */,
				3AE639C526D90A78008E165D /* Assets.xcassets in Resources */,
			);
			runOnlyForDeploymentPostprocessing = 0;
		};
		3AE639CC26D90A78008E165D /* Resources */ = {
			isa = PBXResourcesBuildPhase;
			buildActionMask = 2147483647;
			files = (
			);
			runOnlyForDeploymentPostprocessing = 0;
		};
		3AE639D726D90A79008E165D /* Resources */ = {
			isa = PBXResourcesBuildPhase;
			buildActionMask = 2147483647;
			files = (
			);
			runOnlyForDeploymentPostprocessing = 0;
		};
/* End PBXResourcesBuildPhase section */

/* Begin PBXShellScriptBuildPhase section */
		3ADF0A6326DE3FEB00249E6B /* Generate Apollo GraphQL API */ = {
			isa = PBXShellScriptBuildPhase;
			buildActionMask = 2147483647;
			files = (
			);
			inputFileListPaths = (
			);
			inputPaths = (
			);
			name = "Generate Apollo GraphQL API";
			outputFileListPaths = (
			);
			outputPaths = (
			);
			runOnlyForDeploymentPostprocessing = 0;
			shellPath = /bin/sh;
			shellScript = "# Type a script or drag a script file from your workspace to insert its path.\n# Go to the build root and search up the chain to find the Derived Data Path where the source packages are checked out.\nDERIVED_DATA_CANDIDATE=\"${BUILD_ROOT}\"\n\nwhile ! [ -d \"${DERIVED_DATA_CANDIDATE}/SourcePackages\" ]; do\n  if [ \"${DERIVED_DATA_CANDIDATE}\" = / ]; then\n    echo >&2 \"error: Unable to locate SourcePackages directory from BUILD_ROOT: '${BUILD_ROOT}'\"\n    exit 1\n  fi\n\n  DERIVED_DATA_CANDIDATE=\"$(dirname \"${DERIVED_DATA_CANDIDATE}\")\"\ndone\n\n# Grab a reference to the directory where scripts are checked out\nSCRIPT_PATH=\"${DERIVED_DATA_CANDIDATE}/SourcePackages/checkouts/apollo-ios/scripts\"\n\nif [ -z \"${SCRIPT_PATH}\" ]; then\n    echo >&2 \"error: Couldn't find the CLI script in your checked out SPM packages; make sure to add the framework to your project.\"\n    exit 1\nfi\n\ncd \"${SRCROOT}/${TARGET_NAME}\"\n\"${SCRIPT_PATH}\"/run-bundled-codegen.sh codegen:generate --target=swift --includes=./**/*.graphql --localSchemaFile=\"schema.json\" API.swift\n";
		};
/* End PBXShellScriptBuildPhase section */

/* Begin PBXSourcesBuildPhase section */
		3AE639B926D90A77008E165D /* Sources */ = {
			isa = PBXSourcesBuildPhase;
			buildActionMask = 2147483647;
			files = (
				3AE639C326D90A77008E165D /* ContentView.swift in Sources */,
				3AE639C126D90A77008E165D /* SpaceXLauncherApp.swift in Sources */,
				3ADF0A8526DE469D00249E6B /* API.swift in Sources */,
				3ADF0A5F26DE39B800249E6B /* Network.swift in Sources */,
			);
			runOnlyForDeploymentPostprocessing = 0;
		};
		3AE639CA26D90A78008E165D /* Sources */ = {
			isa = PBXSourcesBuildPhase;
			buildActionMask = 2147483647;
			files = (
				3AE639D326D90A78008E165D /* SpaceXLauncherTests.swift in Sources */,
			);
			runOnlyForDeploymentPostprocessing = 0;
		};
		3AE639D526D90A79008E165D /* Sources */ = {
			isa = PBXSourcesBuildPhase;
			buildActionMask = 2147483647;
			files = (
				3AE639DE26D90A79008E165D /* SpaceXLauncherUITests.swift in Sources */,
			);
			runOnlyForDeploymentPostprocessing = 0;
		};
/* End PBXSourcesBuildPhase section */

/* Begin PBXTargetDependency section */
		3AE639D026D90A78008E165D /* PBXTargetDependency */ = {
			isa = PBXTargetDependency;
			target = 3AE639BC26D90A77008E165D /* SpaceXLauncher */;
			targetProxy = 3AE639CF26D90A78008E165D /* PBXContainerItemProxy */;
		};
		3AE639DB26D90A79008E165D /* PBXTargetDependency */ = {
			isa = PBXTargetDependency;
			target = 3AE639BC26D90A77008E165D /* SpaceXLauncher */;
			targetProxy = 3AE639DA26D90A79008E165D /* PBXContainerItemProxy */;
		};
/* End PBXTargetDependency section */

/* Begin XCBuildConfiguration section */
		3AE639E026D90A79008E165D /* Debug */ = {
			isa = XCBuildConfiguration;
			buildSettings = {
				ALWAYS_SEARCH_USER_PATHS = NO;
				CLANG_ANALYZER_NONNULL = YES;
				CLANG_ANALYZER_NUMBER_OBJECT_CONVERSION = YES_AGGRESSIVE;
				CLANG_CXX_LANGUAGE_STANDARD = "gnu++14";
				CLANG_CXX_LIBRARY = "libc++";
				CLANG_ENABLE_MODULES = YES;
				CLANG_ENABLE_OBJC_ARC = YES;
				CLANG_ENABLE_OBJC_WEAK = YES;
				CLANG_WARN_BLOCK_CAPTURE_AUTORELEASING = YES;
				CLANG_WARN_BOOL_CONVERSION = YES;
				CLANG_WARN_COMMA = YES;
				CLANG_WARN_CONSTANT_CONVERSION = YES;
				CLANG_WARN_DEPRECATED_OBJC_IMPLEMENTATIONS = YES;
				CLANG_WARN_DIRECT_OBJC_ISA_USAGE = YES_ERROR;
				CLANG_WARN_DOCUMENTATION_COMMENTS = YES;
				CLANG_WARN_EMPTY_BODY = YES;
				CLANG_WARN_ENUM_CONVERSION = YES;
				CLANG_WARN_INFINITE_RECURSION = YES;
				CLANG_WARN_INT_CONVERSION = YES;
				CLANG_WARN_NON_LITERAL_NULL_CONVERSION = YES;
				CLANG_WARN_OBJC_IMPLICIT_RETAIN_SELF = YES;
				CLANG_WARN_OBJC_LITERAL_CONVERSION = YES;
				CLANG_WARN_OBJC_ROOT_CLASS = YES_ERROR;
				CLANG_WARN_QUOTED_INCLUDE_IN_FRAMEWORK_HEADER = YES;
				CLANG_WARN_RANGE_LOOP_ANALYSIS = YES;
				CLANG_WARN_STRICT_PROTOTYPES = YES;
				CLANG_WARN_SUSPICIOUS_MOVE = YES;
				CLANG_WARN_UNGUARDED_AVAILABILITY = YES_AGGRESSIVE;
				CLANG_WARN_UNREACHABLE_CODE = YES;
				CLANG_WARN__DUPLICATE_METHOD_MATCH = YES;
				COPY_PHASE_STRIP = NO;
				DEBUG_INFORMATION_FORMAT = dwarf;
				ENABLE_STRICT_OBJC_MSGSEND = YES;
				ENABLE_TESTABILITY = YES;
				GCC_C_LANGUAGE_STANDARD = gnu11;
				GCC_DYNAMIC_NO_PIC = NO;
				GCC_NO_COMMON_BLOCKS = YES;
				GCC_OPTIMIZATION_LEVEL = 0;
				GCC_PREPROCESSOR_DEFINITIONS = (
					"DEBUG=1",
					"$(inherited)",
				);
				GCC_WARN_64_TO_32_BIT_CONVERSION = YES;
				GCC_WARN_ABOUT_RETURN_TYPE = YES_ERROR;
				GCC_WARN_UNDECLARED_SELECTOR = YES;
				GCC_WARN_UNINITIALIZED_AUTOS = YES_AGGRESSIVE;
				GCC_WARN_UNUSED_FUNCTION = YES;
				GCC_WARN_UNUSED_VARIABLE = YES;
				IPHONEOS_DEPLOYMENT_TARGET = 14.4;
				MTL_ENABLE_DEBUG_INFO = INCLUDE_SOURCE;
				MTL_FAST_MATH = YES;
				ONLY_ACTIVE_ARCH = YES;
				SDKROOT = iphoneos;
				SWIFT_ACTIVE_COMPILATION_CONDITIONS = DEBUG;
				SWIFT_OPTIMIZATION_LEVEL = "-Onone";
			};
			name = Debug;
		};
		3AE639E126D90A79008E165D /* Release */ = {
			isa = XCBuildConfiguration;
			buildSettings = {
				ALWAYS_SEARCH_USER_PATHS = NO;
				CLANG_ANALYZER_NONNULL = YES;
				CLANG_ANALYZER_NUMBER_OBJECT_CONVERSION = YES_AGGRESSIVE;
				CLANG_CXX_LANGUAGE_STANDARD = "gnu++14";
				CLANG_CXX_LIBRARY = "libc++";
				CLANG_ENABLE_MODULES = YES;
				CLANG_ENABLE_OBJC_ARC = YES;
				CLANG_ENABLE_OBJC_WEAK = YES;
				CLANG_WARN_BLOCK_CAPTURE_AUTORELEASING = YES;
				CLANG_WARN_BOOL_CONVERSION = YES;
				CLANG_WARN_COMMA = YES;
				CLANG_WARN_CONSTANT_CONVERSION = YES;
				CLANG_WARN_DEPRECATED_OBJC_IMPLEMENTATIONS = YES;
				CLANG_WARN_DIRECT_OBJC_ISA_USAGE = YES_ERROR;
				CLANG_WARN_DOCUMENTATION_COMMENTS = YES;
				CLANG_WARN_EMPTY_BODY = YES;
				CLANG_WARN_ENUM_CONVERSION = YES;
				CLANG_WARN_INFINITE_RECURSION = YES;
				CLANG_WARN_INT_CONVERSION = YES;
				CLANG_WARN_NON_LITERAL_NULL_CONVERSION = YES;
				CLANG_WARN_OBJC_IMPLICIT_RETAIN_SELF = YES;
				CLANG_WARN_OBJC_LITERAL_CONVERSION = YES;
				CLANG_WARN_OBJC_ROOT_CLASS = YES_ERROR;
				CLANG_WARN_QUOTED_INCLUDE_IN_FRAMEWORK_HEADER = YES;
				CLANG_WARN_RANGE_LOOP_ANALYSIS = YES;
				CLANG_WARN_STRICT_PROTOTYPES = YES;
				CLANG_WARN_SUSPICIOUS_MOVE = YES;
				CLANG_WARN_UNGUARDED_AVAILABILITY = YES_AGGRESSIVE;
				CLANG_WARN_UNREACHABLE_CODE = YES;
				CLANG_WARN__DUPLICATE_METHOD_MATCH = YES;
				COPY_PHASE_STRIP = NO;
				DEBUG_INFORMATION_FORMAT = "dwarf-with-dsym";
				ENABLE_NS_ASSERTIONS = NO;
				ENABLE_STRICT_OBJC_MSGSEND = YES;
				GCC_C_LANGUAGE_STANDARD = gnu11;
				GCC_NO_COMMON_BLOCKS = YES;
				GCC_WARN_64_TO_32_BIT_CONVERSION = YES;
				GCC_WARN_ABOUT_RETURN_TYPE = YES_ERROR;
				GCC_WARN_UNDECLARED_SELECTOR = YES;
				GCC_WARN_UNINITIALIZED_AUTOS = YES_AGGRESSIVE;
				GCC_WARN_UNUSED_FUNCTION = YES;
				GCC_WARN_UNUSED_VARIABLE = YES;
				IPHONEOS_DEPLOYMENT_TARGET = 14.4;
				MTL_ENABLE_DEBUG_INFO = NO;
				MTL_FAST_MATH = YES;
				SDKROOT = iphoneos;
				SWIFT_COMPILATION_MODE = wholemodule;
				SWIFT_OPTIMIZATION_LEVEL = "-O";
				VALIDATE_PRODUCT = YES;
			};
			name = Release;
		};
		3AE639E326D90A79008E165D /* Debug */ = {
			isa = XCBuildConfiguration;
			buildSettings = {
				ASSETCATALOG_COMPILER_APPICON_NAME = AppIcon;
				ASSETCATALOG_COMPILER_GLOBAL_ACCENT_COLOR_NAME = AccentColor;
				CODE_SIGN_STYLE = Automatic;
				DEVELOPMENT_ASSET_PATHS = "\"SpaceXLauncher/Preview Content\"";
				DEVELOPMENT_TEAM = 69ZQ3P494A;
				ENABLE_PREVIEWS = YES;
				INFOPLIST_FILE = SpaceXLauncher/Info.plist;
				IPHONEOS_DEPLOYMENT_TARGET = 14.0;
				LD_RUNPATH_SEARCH_PATHS = (
					"$(inherited)",
					"@executable_path/Frameworks",
				);
				PRODUCT_BUNDLE_IDENTIFIER = com.saket.SpaceXLauncher;
				PRODUCT_NAME = "$(TARGET_NAME)";
				SWIFT_VERSION = 5.0;
				TARGETED_DEVICE_FAMILY = "1,2";
			};
			name = Debug;
		};
		3AE639E426D90A79008E165D /* Release */ = {
			isa = XCBuildConfiguration;
			buildSettings = {
				ASSETCATALOG_COMPILER_APPICON_NAME = AppIcon;
				ASSETCATALOG_COMPILER_GLOBAL_ACCENT_COLOR_NAME = AccentColor;
				CODE_SIGN_STYLE = Automatic;
				DEVELOPMENT_ASSET_PATHS = "\"SpaceXLauncher/Preview Content\"";
				DEVELOPMENT_TEAM = 69ZQ3P494A;
				ENABLE_PREVIEWS = YES;
				INFOPLIST_FILE = SpaceXLauncher/Info.plist;
				IPHONEOS_DEPLOYMENT_TARGET = 14.0;
				LD_RUNPATH_SEARCH_PATHS = (
					"$(inherited)",
					"@executable_path/Frameworks",
				);
				PRODUCT_BUNDLE_IDENTIFIER = com.saket.SpaceXLauncher;
				PRODUCT_NAME = "$(TARGET_NAME)";
				SWIFT_VERSION = 5.0;
				TARGETED_DEVICE_FAMILY = "1,2";
			};
			name = Release;
		};
		3AE639E626D90A79008E165D /* Debug */ = {
			isa = XCBuildConfiguration;
			buildSettings = {
				ALWAYS_EMBED_SWIFT_STANDARD_LIBRARIES = YES;
				BUNDLE_LOADER = "$(TEST_HOST)";
				CODE_SIGN_STYLE = Automatic;
				DEVELOPMENT_TEAM = 69ZQ3P494A;
				INFOPLIST_FILE = SpaceXLauncherTests/Info.plist;
				IPHONEOS_DEPLOYMENT_TARGET = 14.0;
				LD_RUNPATH_SEARCH_PATHS = (
					"$(inherited)",
					"@executable_path/Frameworks",
					"@loader_path/Frameworks",
				);
				PRODUCT_BUNDLE_IDENTIFIER = com.saket.SpaceXLauncherTests;
				PRODUCT_NAME = "$(TARGET_NAME)";
				SWIFT_VERSION = 5.0;
				TARGETED_DEVICE_FAMILY = "1,2";
				TEST_HOST = "$(BUILT_PRODUCTS_DIR)/SpaceXLauncher.app/SpaceXLauncher";
			};
			name = Debug;
		};
		3AE639E726D90A79008E165D /* Release */ = {
			isa = XCBuildConfiguration;
			buildSettings = {
				ALWAYS_EMBED_SWIFT_STANDARD_LIBRARIES = YES;
				BUNDLE_LOADER = "$(TEST_HOST)";
				CODE_SIGN_STYLE = Automatic;
				DEVELOPMENT_TEAM = 69ZQ3P494A;
				INFOPLIST_FILE = SpaceXLauncherTests/Info.plist;
				IPHONEOS_DEPLOYMENT_TARGET = 14.0;
				LD_RUNPATH_SEARCH_PATHS = (
					"$(inherited)",
					"@executable_path/Frameworks",
					"@loader_path/Frameworks",
				);
				PRODUCT_BUNDLE_IDENTIFIER = com.saket.SpaceXLauncherTests;
				PRODUCT_NAME = "$(TARGET_NAME)";
				SWIFT_VERSION = 5.0;
				TARGETED_DEVICE_FAMILY = "1,2";
				TEST_HOST = "$(BUILT_PRODUCTS_DIR)/SpaceXLauncher.app/SpaceXLauncher";
			};
			name = Release;
		};
		3AE639E926D90A79008E165D /* Debug */ = {
			isa = XCBuildConfiguration;
			buildSettings = {
				ALWAYS_EMBED_SWIFT_STANDARD_LIBRARIES = YES;
				CODE_SIGN_STYLE = Automatic;
				DEVELOPMENT_TEAM = 69ZQ3P494A;
				INFOPLIST_FILE = SpaceXLauncherUITests/Info.plist;
				LD_RUNPATH_SEARCH_PATHS = (
					"$(inherited)",
					"@executable_path/Frameworks",
					"@loader_path/Frameworks",
				);
				PRODUCT_BUNDLE_IDENTIFIER = com.saket.SpaceXLauncherUITests;
				PRODUCT_NAME = "$(TARGET_NAME)";
				SWIFT_VERSION = 5.0;
				TARGETED_DEVICE_FAMILY = "1,2";
				TEST_TARGET_NAME = SpaceXLauncher;
			};
			name = Debug;
		};
		3AE639EA26D90A79008E165D /* Release */ = {
			isa = XCBuildConfiguration;
			buildSettings = {
				ALWAYS_EMBED_SWIFT_STANDARD_LIBRARIES = YES;
				CODE_SIGN_STYLE = Automatic;
				DEVELOPMENT_TEAM = 69ZQ3P494A;
				INFOPLIST_FILE = SpaceXLauncherUITests/Info.plist;
				LD_RUNPATH_SEARCH_PATHS = (
					"$(inherited)",
					"@executable_path/Frameworks",
					"@loader_path/Frameworks",
				);
				PRODUCT_BUNDLE_IDENTIFIER = com.saket.SpaceXLauncherUITests;
				PRODUCT_NAME = "$(TARGET_NAME)";
				SWIFT_VERSION = 5.0;
				TARGETED_DEVICE_FAMILY = "1,2";
				TEST_TARGET_NAME = SpaceXLauncher;
			};
			name = Release;
		};
/* End XCBuildConfiguration section */

/* Begin XCConfigurationList section */
		3AE639B826D90A77008E165D /* Build configuration list for PBXProject "SpaceXLauncher" */ = {
			isa = XCConfigurationList;
			buildConfigurations = (
				3AE639E026D90A79008E165D /* Debug */,
				3AE639E126D90A79008E165D /* Release */,
			);
			defaultConfigurationIsVisible = 0;
			defaultConfigurationName = Release;
		};
		3AE639E226D90A79008E165D /* Build configuration list for PBXNativeTarget "SpaceXLauncher" */ = {
			isa = XCConfigurationList;
			buildConfigurations = (
				3AE639E326D90A79008E165D /* Debug */,
				3AE639E426D90A79008E165D /* Release */,
			);
			defaultConfigurationIsVisible = 0;
			defaultConfigurationName = Release;
		};
		3AE639E526D90A79008E165D /* Build configuration list for PBXNativeTarget "SpaceXLauncherTests" */ = {
			isa = XCConfigurationList;
			buildConfigurations = (
				3AE639E626D90A79008E165D /* Debug */,
				3AE639E726D90A79008E165D /* Release */,
			);
			defaultConfigurationIsVisible = 0;
			defaultConfigurationName = Release;
		};
		3AE639E826D90A79008E165D /* Build configuration list for PBXNativeTarget "SpaceXLauncherUITests" */ = {
			isa = XCConfigurationList;
			buildConfigurations = (
				3AE639E926D90A79008E165D /* Debug */,
				3AE639EA26D90A79008E165D /* Release */,
			);
			defaultConfigurationIsVisible = 0;
			defaultConfigurationName = Release;
		};
/* End XCConfigurationList section */

/* Begin XCRemoteSwiftPackageReference section */
		3ADF0A7B26DE464300249E6B /* XCRemoteSwiftPackageReference "apollo-ios" */ = {
			isa = XCRemoteSwiftPackageReference;
			repositoryURL = "https://github.com/apollographql/apollo-ios.git";
			requirement = {
				kind = upToNextMajorVersion;
				minimumVersion = 0.47.1;
			};
		};
/* End XCRemoteSwiftPackageReference section */

/* Begin XCSwiftPackageProductDependency section */
		3ADF0A7C26DE464300249E6B /* Apollo */ = {
			isa = XCSwiftPackageProductDependency;
			package = 3ADF0A7B26DE464300249E6B /* XCRemoteSwiftPackageReference "apollo-ios" */;
			productName = Apollo;
		};
/* End XCSwiftPackageProductDependency section */
	};
	rootObject = 3AE639B526D90A77008E165D /* Project object */;
}
